
Microsoft Visual Studio Solution File, Format Version 12.00
# Visual Studio Version 17
VisualStudioVersion = 17.14.36221.1 d17.14
MinimumVisualStudioVersion = 10.0.40219.1
Project("{FAE04EC0-301F-11D3-BF4B-00C04F79EFBC}") = "lineer_denklem_sistemleri", "lineer_denklem_sistemleri\lineer_denklem_sistemleri.csproj", "{CCE27218-4A35-472D-BC15-1394C12F27D0}"
EndProject
Global
	GlobalSection(SolutionConfigurationPlatforms) = preSolution
		Debug|Any CPU = Debug|Any CPU
		Release|Any CPU = Release|Any CPU
	EndGlobalSection
	GlobalSection(ProjectConfigurationPlatforms) = postSolution
		{CCE27218-4A35-472D-BC15-1394C12F27D0}.Debug|Any CPU.ActiveCfg = Debug|Any CPU
		{CCE27218-4A35-472D-BC15-1394C12F27D0}.Debug|Any CPU.Build.0 = Debug|Any CPU
		{CCE27218-4A35-472D-BC15-1394C12F27D0}.Release|Any CPU.ActiveCfg = Release|Any CPU
		{CCE27218-4A35-472D-BC15-1394C12F27D0}.Release|Any CPU.Build.0 = Release|Any CPU
	EndGlobalSection
	GlobalSection(SolutionProperties) = preSolution
		HideSolutionNode = FALSE
	EndGlobalSection
	GlobalSection(ExtensibilityGlobals) = postSolution
		SolutionGuid = {B8AF1F46-DEE0-4209-9A3C-9AA18C2563B5}
	EndGlobalSection
EndGlobal
